// !$*UTF8*$!
{
	archiveVersion = 1;
	classes = {
	};
	objectVersion = 46;
	objects = {

/* Begin PBXBuildFile section */
		DD1BED59148E9A8300B1375E /* FavController.m in Sources */ = {isa = PBXBuildFile; fileRef = DD1BED57148E9A8300B1375E /* FavController.m */; };
		DD1BED5A148E9A8300B1375E /* FavController.xib in Resources */ = {isa = PBXBuildFile; fileRef = DD1BED58148E9A8300B1375E /* FavController.xib */; };
		DD1BED5E148E9D3000B1375E /* 28-star.png in Resources */ = {isa = PBXBuildFile; fileRef = DD1BED5C148E9D3000B1375E /* 28-star.png */; };
		DD1BED5F148E9D3000B1375E /* 28-star@2x.png in Resources */ = {isa = PBXBuildFile; fileRef = DD1BED5D148E9D3000B1375E /* 28-star@2x.png */; };
		DD3E17F114813AF900CC7468 /* Common.m in Sources */ = {isa = PBXBuildFile; fileRef = DD3E17F014813AF900CC7468 /* Common.m */; };
		DD50D3B11496CDEA009768B8 /* AboutController.m in Sources */ = {isa = PBXBuildFile; fileRef = DD50D3AF1496CDEA009768B8 /* AboutController.m */; };
		DD50D3B21496CDEA009768B8 /* AboutController.xib in Resources */ = {isa = PBXBuildFile; fileRef = DD50D3B01496CDEA009768B8 /* AboutController.xib */; };
		DD7F130E1497B5F400CDA916 /* 20110610-051616.jpeg in Resources */ = {isa = PBXBuildFile; fileRef = DD7F130D1497B5F400CDA916 /* 20110610-051616.jpeg */; };
		DD830E0813F644BF00B3389A /* UIKit.framework in Frameworks */ = {isa = PBXBuildFile; fileRef = DD830E0713F644BF00B3389A /* UIKit.framework */; };
		DD830E0A13F644BF00B3389A /* Foundation.framework in Frameworks */ = {isa = PBXBuildFile; fileRef = DD830E0913F644BF00B3389A /* Foundation.framework */; };
		DD830E0C13F644BF00B3389A /* CoreGraphics.framework in Frameworks */ = {isa = PBXBuildFile; fileRef = DD830E0B13F644BF00B3389A /* CoreGraphics.framework */; };
		DD830E1213F644BF00B3389A /* InfoPlist.strings in Resources */ = {isa = PBXBuildFile; fileRef = DD830E1013F644BF00B3389A /* InfoPlist.strings */; };
		DD830E1413F644C000B3389A /* main.m in Sources */ = {isa = PBXBuildFile; fileRef = DD830E1313F644C000B3389A /* main.m */; };
		DD830E1813F644C000B3389A /* iuAppDelegate.m in Sources */ = {isa = PBXBuildFile; fileRef = DD830E1713F644C000B3389A /* iuAppDelegate.m */; };
		DD830E1B13F644C000B3389A /* MainWindow.xib in Resources */ = {isa = PBXBuildFile; fileRef = DD830E1913F644C000B3389A /* MainWindow.xib */; };
		DD830E1E13F644C000B3389A /* iuViewController.m in Sources */ = {isa = PBXBuildFile; fileRef = DD830E1D13F644C000B3389A /* iuViewController.m */; };
		DD830E2113F644C000B3389A /* iuViewController.xib in Resources */ = {isa = PBXBuildFile; fileRef = DD830E1F13F644C000B3389A /* iuViewController.xib */; };
		DD87D2E91496C2220091D73D /* ZastController.m in Sources */ = {isa = PBXBuildFile; fileRef = DD87D2E71496C2220091D73D /* ZastController.m */; };
		DD87D2EA1496C2220091D73D /* ZastController.xib in Resources */ = {isa = PBXBuildFile; fileRef = DD87D2E81496C2220091D73D /* ZastController.xib */; };
		DD87D2ED1496C3270091D73D /* border.png in Resources */ = {isa = PBXBuildFile; fileRef = DD87D2EB1496C3270091D73D /* border.png */; };
		DD87D2EE1496C3270091D73D /* logo.png in Resources */ = {isa = PBXBuildFile; fileRef = DD87D2EC1496C3270091D73D /* logo.png */; };
		DDA14475148F130E0025DB1A /* Item.m in Sources */ = {isa = PBXBuildFile; fileRef = DDA14474148F130E0025DB1A /* Item.m */; };
		DDA14478148F18E60025DB1A /* favourites.plist in Resources */ = {isa = PBXBuildFile; fileRef = DDA14477148F18E60025DB1A /* favourites.plist */; };
		DDCB920F149461DE00AB22B6 /* ios-lexpro-icons.png in Resources */ = {isa = PBXBuildFile; fileRef = DDCB920E149461DE00AB22B6 /* ios-lexpro-icons.png */; };
		DDCB92161494627200AB22B6 /* 34-coffee.png in Resources */ = {isa = PBXBuildFile; fileRef = DDCB92101494627200AB22B6 /* 34-coffee.png */; };
		DDCB92171494627200AB22B6 /* 34-coffee@2x.png in Resources */ = {isa = PBXBuildFile; fileRef = DDCB92111494627200AB22B6 /* 34-coffee@2x.png */; };
		DDCB92181494627200AB22B6 /* 123-id-card.png in Resources */ = {isa = PBXBuildFile; fileRef = DDCB92121494627200AB22B6 /* 123-id-card.png */; };
		DDCB92191494627200AB22B6 /* 123-id-card@2x.png in Resources */ = {isa = PBXBuildFile; fileRef = DDCB92131494627200AB22B6 /* 123-id-card@2x.png */; };
		DDCB921A1494627200AB22B6 /* 140-gradhat.png in Resources */ = {isa = PBXBuildFile; fileRef = DDCB92141494627200AB22B6 /* 140-gradhat.png */; };
		DDCB921B1494627200AB22B6 /* 140-gradhat@2x.png in Resources */ = {isa = PBXBuildFile; fileRef = DDCB92151494627200AB22B6 /* 140-gradhat@2x.png */; };
		DDCB922A1494662600AB22B6 /* XMLParser.m in Sources */ = {isa = PBXBuildFile; fileRef = DDCB92271494662600AB22B6 /* XMLParser.m */; };
		DDCB922B1494662600AB22B6 /* NewsController.m in Sources */ = {isa = PBXBuildFile; fileRef = DDCB92291494662600AB22B6 /* NewsController.m */; };
		DDCB922D14946B2900AB22B6 /* NewsController.xib in Resources */ = {isa = PBXBuildFile; fileRef = DDCB922C14946B2900AB22B6 /* NewsController.xib */; };
		DDCB923014946C6000AB22B6 /* Reachability.m in Sources */ = {isa = PBXBuildFile; fileRef = DDCB922F14946C6000AB22B6 /* Reachability.m */; };
		DDCB923314946C9C00AB22B6 /* NewsCell.m in Sources */ = {isa = PBXBuildFile; fileRef = DDCB923214946C9C00AB22B6 /* NewsCell.m */; };
		DDCB923514946CB100AB22B6 /* NewsCell.xib in Resources */ = {isa = PBXBuildFile; fileRef = DDCB923414946CB100AB22B6 /* NewsCell.xib */; };
		DDCB9237149470B800AB22B6 /* SystemConfiguration.framework in Frameworks */ = {isa = PBXBuildFile; fileRef = DDCB9236149470B800AB22B6 /* SystemConfiguration.framework */; };
		DDCB9239149470CC00AB22B6 /* libxml2.2.7.3.dylib in Frameworks */ = {isa = PBXBuildFile; fileRef = DDCB9238149470CC00AB22B6 /* libxml2.2.7.3.dylib */; };
		F27F97181495EA40000837FD /* DetailController.m in Sources */ = {isa = PBXBuildFile; fileRef = F27F97161495EA40000837FD /* DetailController.m */; };
		F27F97191495EA40000837FD /* DetailController.xib in Resources */ = {isa = PBXBuildFile; fileRef = F27F97171495EA40000837FD /* DetailController.xib */; };
		F2AF939B14989A0800729F9B /* bu-bg-black.png in Resources */ = {isa = PBXBuildFile; fileRef = F2AF939814989A0800729F9B /* bu-bg-black.png */; };
		F2AF939C14989A0800729F9B /* bu-bg-blue.png in Resources */ = {isa = PBXBuildFile; fileRef = F2AF939914989A0800729F9B /* bu-bg-blue.png */; };
		F2AF93A214989E2C00729F9B /* Default-Landscape.png in Resources */ = {isa = PBXBuildFile; fileRef = F2AF93A114989E2C00729F9B /* Default-Landscape.png */; };
/* End PBXBuildFile section */

/* Begin PBXFileReference section */
		DD1BED56148E9A8300B1375E /* FavController.h */ = {isa = PBXFileReference; fileEncoding = 4; lastKnownFileType = sourcecode.c.h; path = FavController.h; sourceTree = "<group>"; };
		DD1BED57148E9A8300B1375E /* FavController.m */ = {isa = PBXFileReference; fileEncoding = 4; lastKnownFileType = sourcecode.c.objc; path = FavController.m; sourceTree = "<group>"; };
		DD1BED58148E9A8300B1375E /* FavController.xib */ = {isa = PBXFileReference; fileEncoding = 4; lastKnownFileType = file.xib; path = FavController.xib; sourceTree = "<group>"; };
		DD1BED5C148E9D3000B1375E /* 28-star.png */ = {isa = PBXFileReference; lastKnownFileType = image.png; path = "28-star.png"; sourceTree = "<group>"; };
		DD1BED5D148E9D3000B1375E /* 28-star@2x.png */ = {isa = PBXFileReference; lastKnownFileType = image.png; path = "28-star@2x.png"; sourceTree = "<group>"; };
		DD3E17EF14813AF900CC7468 /* Common.h */ = {isa = PBXFileReference; fileEncoding = 4; lastKnownFileType = sourcecode.c.h; path = Common.h; sourceTree = "<group>"; };
		DD3E17F014813AF900CC7468 /* Common.m */ = {isa = PBXFileReference; fileEncoding = 4; lastKnownFileType = sourcecode.c.objc; path = Common.m; sourceTree = "<group>"; };
		DD50D3AE1496CDEA009768B8 /* AboutController.h */ = {isa = PBXFileReference; fileEncoding = 4; lastKnownFileType = sourcecode.c.h; path = AboutController.h; sourceTree = "<group>"; };
		DD50D3AF1496CDEA009768B8 /* AboutController.m */ = {isa = PBXFileReference; fileEncoding = 4; lastKnownFileType = sourcecode.c.objc; path = AboutController.m; sourceTree = "<group>"; };
		DD50D3B01496CDEA009768B8 /* AboutController.xib */ = {isa = PBXFileReference; fileEncoding = 4; lastKnownFileType = file.xib; path = AboutController.xib; sourceTree = "<group>"; };
		DD7F130D1497B5F400CDA916 /* 20110610-051616.jpeg */ = {isa = PBXFileReference; lastKnownFileType = image.jpeg; path = "20110610-051616.jpeg"; sourceTree = "<group>"; };
		DD830E0313F644BF00B3389A /* iLexPro.app */ = {isa = PBXFileReference; explicitFileType = wrapper.application; includeInIndex = 0; path = iLexPro.app; sourceTree = BUILT_PRODUCTS_DIR; };
		DD830E0713F644BF00B3389A /* UIKit.framework */ = {isa = PBXFileReference; lastKnownFileType = wrapper.framework; name = UIKit.framework; path = System/Library/Frameworks/UIKit.framework; sourceTree = SDKROOT; };
		DD830E0913F644BF00B3389A /* Foundation.framework */ = {isa = PBXFileReference; lastKnownFileType = wrapper.framework; name = Foundation.framework; path = System/Library/Frameworks/Foundation.framework; sourceTree = SDKROOT; };
		DD830E0B13F644BF00B3389A /* CoreGraphics.framework */ = {isa = PBXFileReference; lastKnownFileType = wrapper.framework; name = CoreGraphics.framework; path = System/Library/Frameworks/CoreGraphics.framework; sourceTree = SDKROOT; };
		DD830E0F13F644BF00B3389A /* iUnRewards-Info.plist */ = {isa = PBXFileReference; lastKnownFileType = text.plist.xml; path = "iUnRewards-Info.plist"; sourceTree = "<group>"; };
		DD830E1113F644BF00B3389A /* en */ = {isa = PBXFileReference; lastKnownFileType = text.plist.strings; name = en; path = en.lproj/InfoPlist.strings; sourceTree = "<group>"; };
		DD830E1313F644C000B3389A /* main.m */ = {isa = PBXFileReference; lastKnownFileType = sourcecode.c.objc; path = main.m; sourceTree = "<group>"; };
		DD830E1513F644C000B3389A /* iLexPro-Prefix.pch */ = {isa = PBXFileReference; lastKnownFileType = sourcecode.c.h; path = "iLexPro-Prefix.pch"; sourceTree = "<group>"; };
		DD830E1613F644C000B3389A /* iuAppDelegate.h */ = {isa = PBXFileReference; lastKnownFileType = sourcecode.c.h; path = iuAppDelegate.h; sourceTree = "<group>"; };
		DD830E1713F644C000B3389A /* iuAppDelegate.m */ = {isa = PBXFileReference; lastKnownFileType = sourcecode.c.objc; path = iuAppDelegate.m; sourceTree = "<group>"; };
		DD830E1A13F644C000B3389A /* en */ = {isa = PBXFileReference; lastKnownFileType = file.xib; name = en; path = en.lproj/MainWindow.xib; sourceTree = "<group>"; };
		DD830E1C13F644C000B3389A /* iuViewController.h */ = {isa = PBXFileReference; lastKnownFileType = sourcecode.c.h; path = iuViewController.h; sourceTree = "<group>"; };
		DD830E1D13F644C000B3389A /* iuViewController.m */ = {isa = PBXFileReference; lastKnownFileType = sourcecode.c.objc; path = iuViewController.m; sourceTree = "<group>"; };
		DD830E2013F644C000B3389A /* en */ = {isa = PBXFileReference; lastKnownFileType = file.xib; name = en; path = en.lproj/iuViewController.xib; sourceTree = "<group>"; };
		DD830E2813F644C000B3389A /* SenTestingKit.framework */ = {isa = PBXFileReference; lastKnownFileType = wrapper.framework; name = SenTestingKit.framework; path = Library/Frameworks/SenTestingKit.framework; sourceTree = DEVELOPER_DIR; };
		DD830E3113F644C000B3389A /* iUnRewardsTests-Info.plist */ = {isa = PBXFileReference; lastKnownFileType = text.plist.xml; path = "iUnRewardsTests-Info.plist"; sourceTree = "<group>"; };
		DD830E3313F644C000B3389A /* en */ = {isa = PBXFileReference; lastKnownFileType = text.plist.strings; name = en; path = en.lproj/InfoPlist.strings; sourceTree = "<group>"; };
		DD830E3513F644C000B3389A /* iuTests.h */ = {isa = PBXFileReference; lastKnownFileType = sourcecode.c.h; path = iuTests.h; sourceTree = "<group>"; };
		DD830E3713F644C000B3389A /* iuTests.m */ = {isa = PBXFileReference; lastKnownFileType = sourcecode.c.objc; path = iuTests.m; sourceTree = "<group>"; };
		DD87D2E61496C2220091D73D /* ZastController.h */ = {isa = PBXFileReference; fileEncoding = 4; lastKnownFileType = sourcecode.c.h; path = ZastController.h; sourceTree = "<group>"; };
		DD87D2E71496C2220091D73D /* ZastController.m */ = {isa = PBXFileReference; fileEncoding = 4; lastKnownFileType = sourcecode.c.objc; path = ZastController.m; sourceTree = "<group>"; };
		DD87D2E81496C2220091D73D /* ZastController.xib */ = {isa = PBXFileReference; fileEncoding = 4; lastKnownFileType = file.xib; path = ZastController.xib; sourceTree = "<group>"; };
		DD87D2EB1496C3270091D73D /* border.png */ = {isa = PBXFileReference; lastKnownFileType = image.png; path = border.png; sourceTree = "<group>"; };
		DD87D2EC1496C3270091D73D /* logo.png */ = {isa = PBXFileReference; lastKnownFileType = image.png; path = logo.png; sourceTree = "<group>"; };
		DDA14473148F130E0025DB1A /* Item.h */ = {isa = PBXFileReference; fileEncoding = 4; lastKnownFileType = sourcecode.c.h; path = Item.h; sourceTree = "<group>"; };
		DDA14474148F130E0025DB1A /* Item.m */ = {isa = PBXFileReference; fileEncoding = 4; lastKnownFileType = sourcecode.c.objc; path = Item.m; sourceTree = "<group>"; };
		DDA14477148F18E60025DB1A /* favourites.plist */ = {isa = PBXFileReference; fileEncoding = 4; lastKnownFileType = text.plist.xml; path = favourites.plist; sourceTree = "<group>"; };
		DDCB920E149461DE00AB22B6 /* ios-lexpro-icons.png */ = {isa = PBXFileReference; lastKnownFileType = image.png; path = "ios-lexpro-icons.png"; sourceTree = "<group>"; };
		DDCB92101494627200AB22B6 /* 34-coffee.png */ = {isa = PBXFileReference; lastKnownFileType = image.png; path = "34-coffee.png"; sourceTree = "<group>"; };
		DDCB92111494627200AB22B6 /* 34-coffee@2x.png */ = {isa = PBXFileReference; lastKnownFileType = image.png; path = "34-coffee@2x.png"; sourceTree = "<group>"; };
		DDCB92121494627200AB22B6 /* 123-id-card.png */ = {isa = PBXFileReference; lastKnownFileType = image.png; path = "123-id-card.png"; sourceTree = "<group>"; };
		DDCB92131494627200AB22B6 /* 123-id-card@2x.png */ = {isa = PBXFileReference; lastKnownFileType = image.png; path = "123-id-card@2x.png"; sourceTree = "<group>"; };
		DDCB92141494627200AB22B6 /* 140-gradhat.png */ = {isa = PBXFileReference; lastKnownFileType = image.png; path = "140-gradhat.png"; sourceTree = "<group>"; };
		DDCB92151494627200AB22B6 /* 140-gradhat@2x.png */ = {isa = PBXFileReference; lastKnownFileType = image.png; path = "140-gradhat@2x.png"; sourceTree = "<group>"; };
		DDCB92261494662500AB22B6 /* XMLParser.h */ = {isa = PBXFileReference; fileEncoding = 4; lastKnownFileType = sourcecode.c.h; path = XMLParser.h; sourceTree = "<group>"; };
		DDCB92271494662600AB22B6 /* XMLParser.m */ = {isa = PBXFileReference; fileEncoding = 4; lastKnownFileType = sourcecode.c.objc; path = XMLParser.m; sourceTree = "<group>"; };
		DDCB92281494662600AB22B6 /* NewsController.h */ = {isa = PBXFileReference; fileEncoding = 4; lastKnownFileType = sourcecode.c.h; path = NewsController.h; sourceTree = "<group>"; };
		DDCB92291494662600AB22B6 /* NewsController.m */ = {isa = PBXFileReference; fileEncoding = 4; lastKnownFileType = sourcecode.c.objc; path = NewsController.m; sourceTree = "<group>"; };
		DDCB922C14946B2900AB22B6 /* NewsController.xib */ = {isa = PBXFileReference; fileEncoding = 4; lastKnownFileType = file.xib; path = NewsController.xib; sourceTree = "<group>"; };
		DDCB922E14946C6000AB22B6 /* Reachability.h */ = {isa = PBXFileReference; fileEncoding = 4; lastKnownFileType = sourcecode.c.h; path = Reachability.h; sourceTree = "<group>"; };
		DDCB922F14946C6000AB22B6 /* Reachability.m */ = {isa = PBXFileReference; fileEncoding = 4; lastKnownFileType = sourcecode.c.objc; path = Reachability.m; sourceTree = "<group>"; };
		DDCB923114946C9C00AB22B6 /* NewsCell.h */ = {isa = PBXFileReference; fileEncoding = 4; lastKnownFileType = sourcecode.c.h; path = NewsCell.h; sourceTree = "<group>"; };
		DDCB923214946C9C00AB22B6 /* NewsCell.m */ = {isa = PBXFileReference; fileEncoding = 4; lastKnownFileType = sourcecode.c.objc; path = NewsCell.m; sourceTree = "<group>"; };
		DDCB923414946CB100AB22B6 /* NewsCell.xib */ = {isa = PBXFileReference; fileEncoding = 4; lastKnownFileType = file.xib; path = NewsCell.xib; sourceTree = "<group>"; };
		DDCB9236149470B800AB22B6 /* SystemConfiguration.framework */ = {isa = PBXFileReference; lastKnownFileType = wrapper.framework; name = SystemConfiguration.framework; path = System/Library/Frameworks/SystemConfiguration.framework; sourceTree = SDKROOT; };
		DDCB9238149470CC00AB22B6 /* libxml2.2.7.3.dylib */ = {isa = PBXFileReference; lastKnownFileType = "compiled.mach-o.dylib"; name = libxml2.2.7.3.dylib; path = usr/lib/libxml2.2.7.3.dylib; sourceTree = SDKROOT; };
		F27F97151495EA40000837FD /* DetailController.h */ = {isa = PBXFileReference; fileEncoding = 4; lastKnownFileType = sourcecode.c.h; path = DetailController.h; sourceTree = "<group>"; };
		F27F97161495EA40000837FD /* DetailController.m */ = {isa = PBXFileReference; fileEncoding = 4; lastKnownFileType = sourcecode.c.objc; path = DetailController.m; sourceTree = "<group>"; };
		F27F97171495EA40000837FD /* DetailController.xib */ = {isa = PBXFileReference; fileEncoding = 4; lastKnownFileType = file.xib; path = DetailController.xib; sourceTree = "<group>"; };
		F2AF939814989A0800729F9B /* bu-bg-black.png */ = {isa = PBXFileReference; lastKnownFileType = image.png; path = "bu-bg-black.png"; sourceTree = "<group>"; };
		F2AF939914989A0800729F9B /* bu-bg-blue.png */ = {isa = PBXFileReference; lastKnownFileType = image.png; path = "bu-bg-blue.png"; sourceTree = "<group>"; };
		F2AF93A114989E2C00729F9B /* Default-Landscape.png */ = {isa = PBXFileReference; lastKnownFileType = image.png; path = "Default-Landscape.png"; sourceTree = "<group>"; };
/* End PBXFileReference section */

/* Begin PBXFrameworksBuildPhase section */
		DD830E0013F644BF00B3389A /* Frameworks */ = {
			isa = PBXFrameworksBuildPhase;
			buildActionMask = 2147483647;
			files = (
				DDCB9239149470CC00AB22B6 /* libxml2.2.7.3.dylib in Frameworks */,
				DDCB9237149470B800AB22B6 /* SystemConfiguration.framework in Frameworks */,
				DD830E0813F644BF00B3389A /* UIKit.framework in Frameworks */,
				DD830E0A13F644BF00B3389A /* Foundation.framework in Frameworks */,
				DD830E0C13F644BF00B3389A /* CoreGraphics.framework in Frameworks */,
			);
			runOnlyForDeploymentPostprocessing = 0;
		};
/* End PBXFrameworksBuildPhase section */

/* Begin PBXGroup section */
		DD1BED5B148E9D1800B1375E /* img */ = {
			isa = PBXGroup;
			children = (
				DDCB920E149461DE00AB22B6 /* ios-lexpro-icons.png */,
				DD1BED5C148E9D3000B1375E /* 28-star.png */,
				DD1BED5D148E9D3000B1375E /* 28-star@2x.png */,
				DDCB92101494627200AB22B6 /* 34-coffee.png */,
				DDCB92111494627200AB22B6 /* 34-coffee@2x.png */,
				DDCB92121494627200AB22B6 /* 123-id-card.png */,
				DDCB92131494627200AB22B6 /* 123-id-card@2x.png */,
				DDCB92141494627200AB22B6 /* 140-gradhat.png */,
				DDCB92151494627200AB22B6 /* 140-gradhat@2x.png */,
				DD87D2EB1496C3270091D73D /* border.png */,
				DD87D2EC1496C3270091D73D /* logo.png */,
				DD7F130D1497B5F400CDA916 /* 20110610-051616.jpeg */,
				F2AF939814989A0800729F9B /* bu-bg-black.png */,
				F2AF939914989A0800729F9B /* bu-bg-blue.png */,
				F2AF93A114989E2C00729F9B /* Default-Landscape.png */,
			);
			name = img;
			sourceTree = "<group>";
		};
		DD830DF813F644BE00B3389A = {
			isa = PBXGroup;
			children = (
				DDCB9238149470CC00AB22B6 /* libxml2.2.7.3.dylib */,
				DDCB9236149470B800AB22B6 /* SystemConfiguration.framework */,
				DDA14476148F18990025DB1A /* plists */,
				DD1BED5B148E9D1800B1375E /* img */,
				DD830E0D13F644BF00B3389A /* iu */,
				DD830E2F13F644C000B3389A /* iuTests */,
				DD830E0613F644BF00B3389A /* Frameworks */,
				DD830E0413F644BF00B3389A /* Products */,
			);
			sourceTree = "<group>";
		};
		DD830E0413F644BF00B3389A /* Products */ = {
			isa = PBXGroup;
			children = (
				DD830E0313F644BF00B3389A /* iLexPro.app */,
			);
			name = Products;
			sourceTree = "<group>";
		};
		DD830E0613F644BF00B3389A /* Frameworks */ = {
			isa = PBXGroup;
			children = (
				DD830E0713F644BF00B3389A /* UIKit.framework */,
				DD830E0913F644BF00B3389A /* Foundation.framework */,
				DD830E0B13F644BF00B3389A /* CoreGraphics.framework */,
				DD830E2813F644C000B3389A /* SenTestingKit.framework */,
			);
			name = Frameworks;
			sourceTree = "<group>";
		};
		DD830E0D13F644BF00B3389A /* iu */ = {
			isa = PBXGroup;
			children = (
				DD830E1613F644C000B3389A /* iuAppDelegate.h */,
				DD830E1713F644C000B3389A /* iuAppDelegate.m */,
				DD830E1913F644C000B3389A /* MainWindow.xib */,
				DDA14473148F130E0025DB1A /* Item.h */,
				DDA14474148F130E0025DB1A /* Item.m */,
				DD3E17EF14813AF900CC7468 /* Common.h */,
				DD3E17F014813AF900CC7468 /* Common.m */,
				DD830E1C13F644C000B3389A /* iuViewController.h */,
				DD830E1D13F644C000B3389A /* iuViewController.m */,
				DD830E1F13F644C000B3389A /* iuViewController.xib */,
				DD1BED56148E9A8300B1375E /* FavController.h */,
				DD1BED57148E9A8300B1375E /* FavController.m */,
				DD1BED58148E9A8300B1375E /* FavController.xib */,
				DDCB92261494662500AB22B6 /* XMLParser.h */,
				DDCB92271494662600AB22B6 /* XMLParser.m */,
				DDCB92281494662600AB22B6 /* NewsController.h */,
				DDCB92291494662600AB22B6 /* NewsController.m */,
				DDCB922C14946B2900AB22B6 /* NewsController.xib */,
				DDCB923114946C9C00AB22B6 /* NewsCell.h */,
				DDCB923214946C9C00AB22B6 /* NewsCell.m */,
				DDCB923414946CB100AB22B6 /* NewsCell.xib */,
				DDCB922E14946C6000AB22B6 /* Reachability.h */,
				DDCB922F14946C6000AB22B6 /* Reachability.m */,
				F27F97151495EA40000837FD /* DetailController.h */,
				F27F97161495EA40000837FD /* DetailController.m */,
				F27F97171495EA40000837FD /* DetailController.xib */,
				DD87D2E61496C2220091D73D /* ZastController.h */,
				DD87D2E71496C2220091D73D /* ZastController.m */,
				DD87D2E81496C2220091D73D /* ZastController.xib */,
				DD50D3AE1496CDEA009768B8 /* AboutController.h */,
				DD50D3AF1496CDEA009768B8 /* AboutController.m */,
				DD50D3B01496CDEA009768B8 /* AboutController.xib */,
				DD830E0E13F644BF00B3389A /* Supporting Files */,
			);
			path = iu;
			sourceTree = "<group>";
		};
		DD830E0E13F644BF00B3389A /* Supporting Files */ = {
			isa = PBXGroup;
			children = (
				DD830E0F13F644BF00B3389A /* iUnRewards-Info.plist */,
				DD830E1013F644BF00B3389A /* InfoPlist.strings */,
				DD830E1313F644C000B3389A /* main.m */,
				DD830E1513F644C000B3389A /* iLexPro-Prefix.pch */,
			);
			name = "Supporting Files";
			sourceTree = "<group>";
		};
		DD830E2F13F644C000B3389A /* iuTests */ = {
			isa = PBXGroup;
			children = (
				DD830E3513F644C000B3389A /* iuTests.h */,
				DD830E3713F644C000B3389A /* iuTests.m */,
				DD830E3013F644C000B3389A /* Supporting Files */,
			);
			path = iuTests;
			sourceTree = "<group>";
		};
		DD830E3013F644C000B3389A /* Supporting Files */ = {
			isa = PBXGroup;
			children = (
				DD830E3113F644C000B3389A /* iUnRewardsTests-Info.plist */,
				DD830E3213F644C000B3389A /* InfoPlist.strings */,
			);
			name = "Supporting Files";
			sourceTree = "<group>";
		};
		DDA14476148F18990025DB1A /* plists */ = {
			isa = PBXGroup;
			children = (
				DDA14477148F18E60025DB1A /* favourites.plist */,
			);
			name = plists;
			sourceTree = "<group>";
		};
/* End PBXGroup section */

/* Begin PBXNativeTarget section */
		DD830E0213F644BF00B3389A /* iLexPro */ = {
			isa = PBXNativeTarget;
			buildConfigurationList = DD830E3B13F644C000B3389A /* Build configuration list for PBXNativeTarget "iLexPro" */;
			buildPhases = (
				DD830DFF13F644BF00B3389A /* Sources */,
				DD830E0013F644BF00B3389A /* Frameworks */,
				DD830E0113F644BF00B3389A /* Resources */,
			);
			buildRules = (
			);
			dependencies = (
			);
			name = iLexPro;
			productName = iu;
			productReference = DD830E0313F644BF00B3389A /* iLexPro.app */;
			productType = "com.apple.product-type.application";
		};
/* End PBXNativeTarget section */

/* Begin PBXProject section */
		DD830DFA13F644BE00B3389A /* Project object */ = {
			isa = PBXProject;
			attributes = {
				LastUpgradeCheck = 0420;
			};
			buildConfigurationList = DD830DFD13F644BE00B3389A /* Build configuration list for PBXProject "iLexPro" */;
			compatibilityVersion = "Xcode 3.2";
			developmentRegion = English;
			hasScannedForEncodings = 0;
			knownRegions = (
				en,
			);
			mainGroup = DD830DF813F644BE00B3389A;
			productRefGroup = DD830E0413F644BF00B3389A /* Products */;
			projectDirPath = "";
			projectRoot = "";
			targets = (
				DD830E0213F644BF00B3389A /* iLexPro */,
			);
		};
/* End PBXProject section */

/* Begin PBXResourcesBuildPhase section */
		DD830E0113F644BF00B3389A /* Resources */ = {
			isa = PBXResourcesBuildPhase;
			buildActionMask = 2147483647;
			files = (
				DD830E1213F644BF00B3389A /* InfoPlist.strings in Resources */,
				DD830E1B13F644C000B3389A /* MainWindow.xib in Resources */,
				DD830E2113F644C000B3389A /* iuViewController.xib in Resources */,
				DD1BED5A148E9A8300B1375E /* FavController.xib in Resources */,
				DD1BED5E148E9D3000B1375E /* 28-star.png in Resources */,
				DD1BED5F148E9D3000B1375E /* 28-star@2x.png in Resources */,
				DDA14478148F18E60025DB1A /* favourites.plist in Resources */,
				DDCB920F149461DE00AB22B6 /* ios-lexpro-icons.png in Resources */,
				DDCB92161494627200AB22B6 /* 34-coffee.png in Resources */,
				DDCB92171494627200AB22B6 /* 34-coffee@2x.png in Resources */,
				DDCB92181494627200AB22B6 /* 123-id-card.png in Resources */,
				DDCB92191494627200AB22B6 /* 123-id-card@2x.png in Resources */,
				DDCB921A1494627200AB22B6 /* 140-gradhat.png in Resources */,
				DDCB921B1494627200AB22B6 /* 140-gradhat@2x.png in Resources */,
				DDCB922D14946B2900AB22B6 /* NewsController.xib in Resources */,
				DDCB923514946CB100AB22B6 /* NewsCell.xib in Resources */,
				F27F97191495EA40000837FD /* DetailController.xib in Resources */,
				DD87D2EA1496C2220091D73D /* ZastController.xib in Resources */,
				DD87D2ED1496C3270091D73D /* border.png in Resources */,
				DD87D2EE1496C3270091D73D /* logo.png in Resources */,
				DD50D3B21496CDEA009768B8 /* AboutController.xib in Resources */,
				DD7F130E1497B5F400CDA916 /* 20110610-051616.jpeg in Resources */,
				F2AF939B14989A0800729F9B /* bu-bg-black.png in Resources */,
				F2AF939C14989A0800729F9B /* bu-bg-blue.png in Resources */,
				F2AF93A214989E2C00729F9B /* Default-Landscape.png in Resources */,
			);
			runOnlyForDeploymentPostprocessing = 0;
		};
/* End PBXResourcesBuildPhase section */

/* Begin PBXSourcesBuildPhase section */
		DD830DFF13F644BF00B3389A /* Sources */ = {
			isa = PBXSourcesBuildPhase;
			buildActionMask = 2147483647;
			files = (
				DD830E1413F644C000B3389A /* main.m in Sources */,
				DD830E1813F644C000B3389A /* iuAppDelegate.m in Sources */,
				DD830E1E13F644C000B3389A /* iuViewController.m in Sources */,
				DD3E17F114813AF900CC7468 /* Common.m in Sources */,
				DD1BED59148E9A8300B1375E /* FavController.m in Sources */,
				DDA14475148F130E0025DB1A /* Item.m in Sources */,
				DDCB922A1494662600AB22B6 /* XMLParser.m in Sources */,
				DDCB922B1494662600AB22B6 /* NewsController.m in Sources */,
				DDCB923014946C6000AB22B6 /* Reachability.m in Sources */,
				DDCB923314946C9C00AB22B6 /* NewsCell.m in Sources */,
				F27F97181495EA40000837FD /* DetailController.m in Sources */,
				DD87D2E91496C2220091D73D /* ZastController.m in Sources */,
				DD50D3B11496CDEA009768B8 /* AboutController.m in Sources */,
			);
			runOnlyForDeploymentPostprocessing = 0;
		};
/* End PBXSourcesBuildPhase section */

/* Begin PBXVariantGroup section */
		DD830E1013F644BF00B3389A /* InfoPlist.strings */ = {
			isa = PBXVariantGroup;
			children = (
				DD830E1113F644BF00B3389A /* en */,
			);
			name = InfoPlist.strings;
			sourceTree = "<group>";
		};
		DD830E1913F644C000B3389A /* MainWindow.xib */ = {
			isa = PBXVariantGroup;
			children = (
				DD830E1A13F644C000B3389A /* en */,
			);
			name = MainWindow.xib;
			sourceTree = "<group>";
		};
		DD830E1F13F644C000B3389A /* iuViewController.xib */ = {
			isa = PBXVariantGroup;
			children = (
				DD830E2013F644C000B3389A /* en */,
			);
			name = iuViewController.xib;
			sourceTree = "<group>";
		};
		DD830E3213F644C000B3389A /* InfoPlist.strings */ = {
			isa = PBXVariantGroup;
			children = (
				DD830E3313F644C000B3389A /* en */,
			);
			name = InfoPlist.strings;
			sourceTree = "<group>";
		};
/* End PBXVariantGroup section */

/* Begin XCBuildConfiguration section */
		DD830E3913F644C000B3389A /* Debug */ = {
			isa = XCBuildConfiguration;
			buildSettings = {
				ALWAYS_SEARCH_USER_PATHS = NO;
				ARCHS = "$(ARCHS_STANDARD_32_BIT)";
				CODE_SIGN_IDENTITY = "iPhone Developer: VADIM KASSIN (744XFE3JS8)";
				"CODE_SIGN_IDENTITY[sdk=iphoneos*]" = "iPhone Developer";
				COPY_PHASE_STRIP = NO;
				GCC_C_LANGUAGE_STANDARD = gnu99;
				GCC_DYNAMIC_NO_PIC = NO;
				GCC_OPTIMIZATION_LEVEL = 0;
				GCC_PREPROCESSOR_DEFINITIONS = (
					"DEBUG=1",
					"$(inherited)",
				);
				GCC_SYMBOLS_PRIVATE_EXTERN = NO;
				GCC_VERSION = com.apple.compilers.llvmgcc42;
				GCC_WARN_ABOUT_MISSING_PROTOTYPES = YES;
				GCC_WARN_ABOUT_RETURN_TYPE = YES;
				GCC_WARN_UNUSED_VARIABLE = YES;
				IPHONEOS_DEPLOYMENT_TARGET = 4.0;
				PROVISIONING_PROFILE = "DEC4A493-9DEA-4504-BEA3-4851FED3BE42";
				SDKROOT = iphoneos;
				TARGETED_DEVICE_FAMILY = 2;
			};
			name = Debug;
		};
		DD830E3A13F644C000B3389A /* Release */ = {
			isa = XCBuildConfiguration;
			buildSettings = {
				ALWAYS_SEARCH_USER_PATHS = NO;
				ARCHS = "$(ARCHS_STANDARD_32_BIT)";
				CODE_SIGN_IDENTITY = "iPhone Developer: VADIM KASSIN (744XFE3JS8)";
				"CODE_SIGN_IDENTITY[sdk=iphoneos*]" = "iPhone Developer";
				COPY_PHASE_STRIP = YES;
				GCC_C_LANGUAGE_STANDARD = gnu99;
				GCC_VERSION = com.apple.compilers.llvmgcc42;
				GCC_WARN_ABOUT_MISSING_PROTOTYPES = YES;
				GCC_WARN_ABOUT_RETURN_TYPE = YES;
				GCC_WARN_UNUSED_VARIABLE = YES;
				IPHONEOS_DEPLOYMENT_TARGET = 4.0;
				OTHER_CFLAGS = "-DNS_BLOCK_ASSERTIONS=1";
				PROVISIONING_PROFILE = "DEC4A493-9DEA-4504-BEA3-4851FED3BE42";
				SDKROOT = iphoneos;
				TARGETED_DEVICE_FAMILY = 2;
				VALIDATE_PRODUCT = YES;
			};
			name = Release;
		};
		DD830E3C13F644C000B3389A /* Debug */ = {
			isa = XCBuildConfiguration;
			buildSettings = {
				CODE_SIGN_IDENTITY = "iPhone Developer: VADIM KASSIN (744XFE3JS8)";
				GCC_PRECOMPILE_PREFIX_HEADER = YES;
				GCC_PREFIX_HEADER = "iu/iLexPro-Prefix.pch";
				GCC_VERSION = com.apple.compilers.llvm.clang.1_0;
				INFOPLIST_FILE = "iu/iUnRewards-Info.plist";
				PRODUCT_NAME = iLexPro;
				PROVISIONING_PROFILE = "DEC4A493-9DEA-4504-BEA3-4851FED3BE42";
				TARGETED_DEVICE_FAMILY = 2;
				WRAPPER_EXTENSION = app;
			};
			name = Debug;
		};
		DD830E3D13F644C000B3389A /* Release */ = {
			isa = XCBuildConfiguration;
			buildSettings = {
				CODE_SIGN_IDENTITY = "iPhone Developer: VADIM KASSIN (744XFE3JS8)";
				GCC_PRECOMPILE_PREFIX_HEADER = YES;
				GCC_PREFIX_HEADER = "iu/iLexPro-Prefix.pch";
				GCC_VERSION = com.apple.compilers.llvm.clang.1_0;
				INFOPLIST_FILE = "iu/iUnRewards-Info.plist";
				PRODUCT_NAME = iLexPro;
				PROVISIONING_PROFILE = "DEC4A493-9DEA-4504-BEA3-4851FED3BE42";
				TARGETED_DEVICE_FAMILY = 2;
				WRAPPER_EXTENSION = app;
			};
			name = Release;
		};
/* End XCBuildConfiguration section */

/* Begin XCConfigurationList section */
		DD830DFD13F644BE00B3389A /* Build configuration list for PBXProject "iLexPro" */ = {
			isa = XCConfigurationList;
			buildConfigurations = (
				DD830E3913F644C000B3389A /* Debug */,
				DD830E3A13F644C000B3389A /* Release */,
			);
			defaultConfigurationIsVisible = 0;
			defaultConfigurationName = Release;
		};
		DD830E3B13F644C000B3389A /* Build configuration list for PBXNativeTarget "iLexPro" */ = {
			isa = XCConfigurationList;
			buildConfigurations = (
				DD830E3C13F644C000B3389A /* Debug */,
				DD830E3D13F644C000B3389A /* Release */,
			);
			defaultConfigurationIsVisible = 0;
			defaultConfigurationName = Release;
		};
/* End XCConfigurationList section */
	};
	rootObject = DD830DFA13F644BE00B3389A /* Project object */;
}
